
Microsoft Visual Studio Solution File, Format Version 12.00
# Visual Studio Version 17
VisualStudioVersion = 17.3.32819.101
MinimumVisualStudioVersion = 10.0.40219.1
Project("{FAE04EC0-301F-11D3-BF4B-00C04F79EFBC}") = "Logica_Csharp_02", "Logica_Csharp_02\Logica_Csharp_02.csproj", "{9092B18A-2019-4ACA-A031-743939A4837C}"
EndProject
Global
	GlobalSection(SolutionConfigurationPlatforms) = preSolution
		Debug|Any CPU = Debug|Any CPU
		Release|Any CPU = Release|Any CPU
	EndGlobalSection
	GlobalSection(ProjectConfigurationPlatforms) = postSolution
		{9092B18A-2019-4ACA-A031-743939A4837C}.Debug|Any CPU.ActiveCfg = Debug|Any CPU
		{9092B18A-2019-4ACA-A031-743939A4837C}.Debug|Any CPU.Build.0 = Debug|Any CPU
		{9092B18A-2019-4ACA-A031-743939A4837C}.Release|Any CPU.ActiveCfg = Release|Any CPU
		{9092B18A-2019-4ACA-A031-743939A4837C}.Release|Any CPU.Build.0 = Release|Any CPU
	EndGlobalSection
	GlobalSection(SolutionProperties) = preSolution
		HideSolutionNode = FALSE
	EndGlobalSection
	GlobalSection(ExtensibilityGlobals) = postSolution
		SolutionGuid = {B5F69C38-CE09-4141-8C76-C199D19B79EC}
	EndGlobalSection
EndGlobal
