
Microsoft Visual Studio Solution File, Format Version 12.00
# Visual Studio Version 17
VisualStudioVersion = 17.3.32819.101
MinimumVisualStudioVersion = 10.0.40219.1
Project("{FAE04EC0-301F-11D3-BF4B-00C04F79EFBC}") = "abdiagsd", "abdiagsd\abdiagsd.csproj", "{DF7514CD-BF81-4263-B5B2-1684D1D2A94B}"
EndProject
Global
	GlobalSection(SolutionConfigurationPlatforms) = preSolution
		Debug|Any CPU = Debug|Any CPU
		Release|Any CPU = Release|Any CPU
	EndGlobalSection
	GlobalSection(ProjectConfigurationPlatforms) = postSolution
		{DF7514CD-BF81-4263-B5B2-1684D1D2A94B}.Debug|Any CPU.ActiveCfg = Debug|Any CPU
		{DF7514CD-BF81-4263-B5B2-1684D1D2A94B}.Debug|Any CPU.Build.0 = Debug|Any CPU
		{DF7514CD-BF81-4263-B5B2-1684D1D2A94B}.Release|Any CPU.ActiveCfg = Release|Any CPU
		{DF7514CD-BF81-4263-B5B2-1684D1D2A94B}.Release|Any CPU.Build.0 = Release|Any CPU
	EndGlobalSection
	GlobalSection(SolutionProperties) = preSolution
		HideSolutionNode = FALSE
	EndGlobalSection
	GlobalSection(ExtensibilityGlobals) = postSolution
		SolutionGuid = {6979242C-840C-4D95-9D04-AF228EFFB2FE}
	EndGlobalSection
EndGlobal
