
Microsoft Visual Studio Solution File, Format Version 12.00
# Visual Studio Version 17
VisualStudioVersion = 17.3.32819.101
MinimumVisualStudioVersion = 10.0.40219.1
Project("{FAE04EC0-301F-11D3-BF4B-00C04F79EFBC}") = "teste", "teste\teste.csproj", "{9AD4D35B-18F9-4D6F-B41C-F4A074D8EC3A}"
EndProject
Global
	GlobalSection(SolutionConfigurationPlatforms) = preSolution
		Debug|Any CPU = Debug|Any CPU
		Release|Any CPU = Release|Any CPU
	EndGlobalSection
	GlobalSection(ProjectConfigurationPlatforms) = postSolution
		{9AD4D35B-18F9-4D6F-B41C-F4A074D8EC3A}.Debug|Any CPU.ActiveCfg = Debug|Any CPU
		{9AD4D35B-18F9-4D6F-B41C-F4A074D8EC3A}.Debug|Any CPU.Build.0 = Debug|Any CPU
		{9AD4D35B-18F9-4D6F-B41C-F4A074D8EC3A}.Release|Any CPU.ActiveCfg = Release|Any CPU
		{9AD4D35B-18F9-4D6F-B41C-F4A074D8EC3A}.Release|Any CPU.Build.0 = Release|Any CPU
	EndGlobalSection
	GlobalSection(SolutionProperties) = preSolution
		HideSolutionNode = FALSE
	EndGlobalSection
	GlobalSection(ExtensibilityGlobals) = postSolution
		SolutionGuid = {2F156BA9-811B-4FD9-A26B-D084EE68CFF4}
	EndGlobalSection
EndGlobal
